
Microsoft Visual Studio Solution File, Format Version 12.00
# Visual Studio 15
VisualStudioVersion = 15.0.26430.6
MinimumVisualStudioVersion = 10.0.40219.1
Project("{FAE04EC0-301F-11D3-BF4B-00C04F79EFBC}") = "WebApp", "WebApp\WebApp.csproj", "{DFAB7365-8190-4D44-B8BD-9CC6CD42182A}"
EndProject
Project("{FAE04EC0-301F-11D3-BF4B-00C04F79EFBC}") = "AuthorizationServer", "AuthorizationServer\AuthorizationServer.csproj", "{C830B3E9-C1BA-4395-94F8-1445DBC49449}"
EndProject
Project("{FAE04EC0-301F-11D3-BF4B-00C04F79EFBC}") = "WebSite", "WebSite\WebSite.csproj", "{0B1202DF-F8E0-42E2-9D12-8C8202EB6802}"
EndProject
Global
	GlobalSection(SolutionConfigurationPlatforms) = preSolution
		Debug|Any CPU = Debug|Any CPU
		Release|Any CPU = Release|Any CPU
	EndGlobalSection
	GlobalSection(ProjectConfigurationPlatforms) = postSolution
		{DFAB7365-8190-4D44-B8BD-9CC6CD42182A}.Debug|Any CPU.ActiveCfg = Debug|Any CPU
		{DFAB7365-8190-4D44-B8BD-9CC6CD42182A}.Debug|Any CPU.Build.0 = Debug|Any CPU
		{DFAB7365-8190-4D44-B8BD-9CC6CD42182A}.Release|Any CPU.ActiveCfg = Release|Any CPU
		{DFAB7365-8190-4D44-B8BD-9CC6CD42182A}.Release|Any CPU.Build.0 = Release|Any CPU
		{C830B3E9-C1BA-4395-94F8-1445DBC49449}.Debug|Any CPU.ActiveCfg = Debug|Any CPU
		{C830B3E9-C1BA-4395-94F8-1445DBC49449}.Debug|Any CPU.Build.0 = Debug|Any CPU
		{C830B3E9-C1BA-4395-94F8-1445DBC49449}.Release|Any CPU.ActiveCfg = Release|Any CPU
		{C830B3E9-C1BA-4395-94F8-1445DBC49449}.Release|Any CPU.Build.0 = Release|Any CPU
		{0B1202DF-F8E0-42E2-9D12-8C8202EB6802}.Debug|Any CPU.ActiveCfg = Debug|Any CPU
		{0B1202DF-F8E0-42E2-9D12-8C8202EB6802}.Debug|Any CPU.Build.0 = Debug|Any CPU
		{0B1202DF-F8E0-42E2-9D12-8C8202EB6802}.Release|Any CPU.ActiveCfg = Release|Any CPU
		{0B1202DF-F8E0-42E2-9D12-8C8202EB6802}.Release|Any CPU.Build.0 = Release|Any CPU
	EndGlobalSection
	GlobalSection(SolutionProperties) = preSolution
		HideSolutionNode = FALSE
	EndGlobalSection
EndGlobal
